{
  "version": 4,
  "terraform_version": "0.13.5",
  "serial": 172,
  "lineage": "93671569-f10b-e9ed-cba1-e3d0312932ad",
  "outputs": {},
  "resources": [
    {
      "module": "module.loadbalancer",
      "mode": "managed",
      "type": "azurerm_lb",
      "name": "main",
      "provider": "provider[\"registry.terraform.io/hashicorp/azurerm\"]",
      "instances": [
        {
          "schema_version": 0,
          "attributes": {
            "frontend_ip_configuration": [
              {
                "id": "/subscriptions/e67fe41b-01d6-42b3-9179-c7fbd000f569/resourceGroups/nd082-c1-project-vm-rg/providers/Microsoft.Network/loadBalancers/nd082-c1-project-vm-lb/frontendIPConfigurations/nd082-c1-project-vm-primary",
                "inbound_nat_rules": [],
                "load_balancer_rules": [],
                "name": "nd082-c1-project-vm-primary",
                "outbound_rules": [],
                "private_ip_address": "",
                "private_ip_address_allocation": "Dynamic",
                "private_ip_address_version": "IPv4",
                "public_ip_address_id": "/subscriptions/e67fe41b-01d6-42b3-9179-c7fbd000f569/resourceGroups/nd082-c1-project-vm-rg/providers/Microsoft.Network/publicIPAddresses/nd082-c1-project-vm-lb-publicip",
                "public_ip_prefix_id": "",
                "subnet_id": "",
                "zones": null
              }
            ],
            "id": "/subscriptions/e67fe41b-01d6-42b3-9179-c7fbd000f569/resourceGroups/nd082-c1-project-vm-rg/providers/Microsoft.Network/loadBalancers/nd082-c1-project-vm-lb",
            "location": "eastus",
            "name": "nd082-c1-project-vm-lb",
            "private_ip_address": "",
            "private_ip_addresses": [],
            "resource_group_name": "nd082-c1-project-vm-rg",
            "sku": "Standard",
            "tags": {
              "environment": "eval",
              "project": "nd082-c1-project"
            },
            "timeouts": null
          },
          "private": "eyJlMmJmYjczMC1lY2FhLTExZTYtOGY4OC0zNDM2M2JjN2M0YzAiOnsiY3JlYXRlIjoxODAwMDAwMDAwMDAwLCJkZWxldGUiOjE4MDAwMDAwMDAwMDAsInJlYWQiOjMwMDAwMDAwMDAwMCwidXBkYXRlIjoxODAwMDAwMDAwMDAwfX0=",
          "dependencies": [
            "module.loadbalancer.azurerm_public_ip.main",
            "module.networking.azurerm_network_security_group.internal",
            "module.networking.azurerm_network_security_rule.internal-internet",
            "module.networking.azurerm_network_security_rule.internal-vnet",
            "module.networking.azurerm_resource_group.main",
            "module.networking.azurerm_subnet.internal",
            "module.networking.azurerm_subnet_network_security_group_association.internal",
            "module.networking.azurerm_virtual_network.main"
          ]
        }
      ]
    },
    {
      "module": "module.loadbalancer",
      "mode": "managed",
      "type": "azurerm_lb_backend_address_pool",
      "name": "internal",
      "provider": "provider[\"registry.terraform.io/hashicorp/azurerm\"]",
      "instances": [
        {
          "schema_version": 0,
          "attributes": {
            "backend_ip_configurations": [],
            "id": "/subscriptions/e67fe41b-01d6-42b3-9179-c7fbd000f569/resourceGroups/nd082-c1-project-vm-rg/providers/Microsoft.Network/loadBalancers/nd082-c1-project-vm-lb/backendAddressPools/nd082-c1-project-vm-BackEndAddressPool",
            "load_balancing_rules": [],
            "loadbalancer_id": "/subscriptions/e67fe41b-01d6-42b3-9179-c7fbd000f569/resourceGroups/nd082-c1-project-vm-rg/providers/Microsoft.Network/loadBalancers/nd082-c1-project-vm-lb",
            "name": "nd082-c1-project-vm-BackEndAddressPool",
            "resource_group_name": "nd082-c1-project-vm-rg",
            "timeouts": null
          },
          "private": "eyJlMmJmYjczMC1lY2FhLTExZTYtOGY4OC0zNDM2M2JjN2M0YzAiOnsiY3JlYXRlIjoxODAwMDAwMDAwMDAwLCJkZWxldGUiOjE4MDAwMDAwMDAwMDAsInJlYWQiOjMwMDAwMDAwMDAwMCwidXBkYXRlIjoxODAwMDAwMDAwMDAwfX0=",
          "dependencies": [
            "module.loadbalancer.azurerm_lb.main",
            "module.loadbalancer.azurerm_public_ip.main",
            "module.networking.azurerm_network_security_group.internal",
            "module.networking.azurerm_network_security_rule.internal-internet",
            "module.networking.azurerm_network_security_rule.internal-vnet",
            "module.networking.azurerm_resource_group.main",
            "module.networking.azurerm_subnet.internal",
            "module.networking.azurerm_subnet_network_security_group_association.internal",
            "module.networking.azurerm_virtual_network.main"
          ]
        }
      ]
    },
    {
      "module": "module.loadbalancer",
      "mode": "managed",
      "type": "azurerm_lb_probe",
      "name": "lbprobe",
      "provider": "provider[\"registry.terraform.io/hashicorp/azurerm\"]",
      "instances": [
        {
          "schema_version": 0,
          "attributes": {
            "id": "/subscriptions/e67fe41b-01d6-42b3-9179-c7fbd000f569/resourceGroups/nd082-c1-project-vm-rg/providers/Microsoft.Network/loadBalancers/nd082-c1-project-vm-lb/probes/tcp-running-probe",
            "interval_in_seconds": 15,
            "load_balancer_rules": [],
            "loadbalancer_id": "/subscriptions/e67fe41b-01d6-42b3-9179-c7fbd000f569/resourceGroups/nd082-c1-project-vm-rg/providers/Microsoft.Network/loadBalancers/nd082-c1-project-vm-lb",
            "name": "tcp-running-probe",
            "number_of_probes": 4,
            "port": 80,
            "protocol": "Tcp",
            "request_path": "",
            "resource_group_name": "nd082-c1-project-vm-rg",
            "timeouts": null
          },
          "private": "eyJlMmJmYjczMC1lY2FhLTExZTYtOGY4OC0zNDM2M2JjN2M0YzAiOnsiY3JlYXRlIjoxODAwMDAwMDAwMDAwLCJkZWxldGUiOjE4MDAwMDAwMDAwMDAsInJlYWQiOjMwMDAwMDAwMDAwMCwidXBkYXRlIjoxODAwMDAwMDAwMDAwfX0=",
          "dependencies": [
            "module.loadbalancer.azurerm_lb.main",
            "module.loadbalancer.azurerm_public_ip.main",
            "module.networking.azurerm_network_security_group.internal",
            "module.networking.azurerm_network_security_rule.internal-internet",
            "module.networking.azurerm_network_security_rule.internal-vnet",
            "module.networking.azurerm_resource_group.main",
            "module.networking.azurerm_subnet.internal",
            "module.networking.azurerm_subnet_network_security_group_association.internal",
            "module.networking.azurerm_virtual_network.main"
          ]
        }
      ]
    },
    {
      "module": "module.loadbalancer",
      "mode": "managed",
      "type": "azurerm_lb_rule",
      "name": "lbnatrule",
      "provider": "provider[\"registry.terraform.io/hashicorp/azurerm\"]",
      "instances": [
        {
          "schema_version": 0,
          "attributes": {
            "backend_address_pool_id": "/subscriptions/e67fe41b-01d6-42b3-9179-c7fbd000f569/resourceGroups/nd082-c1-project-vm-rg/providers/Microsoft.Network/loadBalancers/nd082-c1-project-vm-lb/backendAddressPools/nd082-c1-project-vm-BackEndAddressPool",
            "backend_port": 80,
            "disable_outbound_snat": false,
            "enable_floating_ip": false,
            "enable_tcp_reset": false,
            "frontend_ip_configuration_id": "/subscriptions/e67fe41b-01d6-42b3-9179-c7fbd000f569/resourceGroups/nd082-c1-project-vm-rg/providers/Microsoft.Network/loadBalancers/nd082-c1-project-vm-lb/frontendIPConfigurations/nd082-c1-project-vm-primary",
            "frontend_ip_configuration_name": "nd082-c1-project-vm-primary",
            "frontend_port": 80,
            "id": "/subscriptions/e67fe41b-01d6-42b3-9179-c7fbd000f569/resourceGroups/nd082-c1-project-vm-rg/providers/Microsoft.Network/loadBalancers/nd082-c1-project-vm-lb/loadBalancingRules/http",
            "idle_timeout_in_minutes": 4,
            "load_distribution": "Default",
            "loadbalancer_id": "/subscriptions/e67fe41b-01d6-42b3-9179-c7fbd000f569/resourceGroups/nd082-c1-project-vm-rg/providers/Microsoft.Network/loadBalancers/nd082-c1-project-vm-lb",
            "name": "http",
            "probe_id": "/subscriptions/e67fe41b-01d6-42b3-9179-c7fbd000f569/resourceGroups/nd082-c1-project-vm-rg/providers/Microsoft.Network/loadBalancers/nd082-c1-project-vm-lb/probes/tcp-running-probe",
            "protocol": "Tcp",
            "resource_group_name": "nd082-c1-project-vm-rg",
            "timeouts": null
          },
          "private": "eyJlMmJmYjczMC1lY2FhLTExZTYtOGY4OC0zNDM2M2JjN2M0YzAiOnsiY3JlYXRlIjoxODAwMDAwMDAwMDAwLCJkZWxldGUiOjE4MDAwMDAwMDAwMDAsInJlYWQiOjMwMDAwMDAwMDAwMCwidXBkYXRlIjoxODAwMDAwMDAwMDAwfX0=",
          "dependencies": [
            "module.loadbalancer.azurerm_lb.main",
            "module.loadbalancer.azurerm_lb_backend_address_pool.internal",
            "module.loadbalancer.azurerm_lb_probe.lbprobe",
            "module.loadbalancer.azurerm_public_ip.main",
            "module.networking.azurerm_network_security_group.internal",
            "module.networking.azurerm_network_security_rule.internal-internet",
            "module.networking.azurerm_network_security_rule.internal-vnet",
            "module.networking.azurerm_resource_group.main",
            "module.networking.azurerm_subnet.internal",
            "module.networking.azurerm_subnet_network_security_group_association.internal",
            "module.networking.azurerm_virtual_network.main"
          ]
        }
      ]
    },
    {
      "module": "module.loadbalancer",
      "mode": "managed",
      "type": "azurerm_public_ip",
      "name": "main",
      "provider": "provider[\"registry.terraform.io/hashicorp/azurerm\"]",
      "instances": [
        {
          "schema_version": 0,
          "attributes": {
            "allocation_method": "Static",
            "domain_name_label": null,
            "fqdn": null,
            "id": "/subscriptions/e67fe41b-01d6-42b3-9179-c7fbd000f569/resourceGroups/nd082-c1-project-vm-rg/providers/Microsoft.Network/publicIPAddresses/nd082-c1-project-vm-lb-publicip",
            "idle_timeout_in_minutes": 4,
            "ip_address": "20.62.143.213",
            "ip_version": "IPv4",
            "location": "eastus",
            "name": "nd082-c1-project-vm-lb-publicip",
            "public_ip_prefix_id": null,
            "resource_group_name": "nd082-c1-project-vm-rg",
            "reverse_fqdn": null,
            "sku": "Standard",
            "tags": {
              "environment": "eval",
              "project": "nd082-c1-project"
            },
            "timeouts": null,
            "zones": null
          },
          "private": "eyJlMmJmYjczMC1lY2FhLTExZTYtOGY4OC0zNDM2M2JjN2M0YzAiOnsiY3JlYXRlIjoxODAwMDAwMDAwMDAwLCJkZWxldGUiOjE4MDAwMDAwMDAwMDAsInJlYWQiOjMwMDAwMDAwMDAwMCwidXBkYXRlIjoxODAwMDAwMDAwMDAwfX0=",
          "dependencies": [
            "module.networking.azurerm_network_security_group.internal",
            "module.networking.azurerm_network_security_rule.internal-internet",
            "module.networking.azurerm_network_security_rule.internal-vnet",
            "module.networking.azurerm_resource_group.main",
            "module.networking.azurerm_subnet.internal",
            "module.networking.azurerm_subnet_network_security_group_association.internal",
            "module.networking.azurerm_virtual_network.main"
          ]
        }
      ]
    },
    {
      "module": "module.networking",
      "mode": "managed",
      "type": "azurerm_network_security_group",
      "name": "internal",
      "provider": "provider[\"registry.terraform.io/hashicorp/azurerm\"]",
      "instances": [
        {
          "schema_version": 0,
          "attributes": {
            "id": "/subscriptions/e67fe41b-01d6-42b3-9179-c7fbd000f569/resourceGroups/nd082-c1-project-vm-rg/providers/Microsoft.Network/networkSecurityGroups/nd082-c1-project-vm-nsg",
            "location": "eastus",
            "name": "nd082-c1-project-vm-nsg",
            "resource_group_name": "nd082-c1-project-vm-rg",
            "security_rule": [],
            "tags": {
              "environment": "eval",
              "project": "nd082-c1-project"
            },
            "timeouts": null
          },
          "private": "eyJlMmJmYjczMC1lY2FhLTExZTYtOGY4OC0zNDM2M2JjN2M0YzAiOnsiY3JlYXRlIjoxODAwMDAwMDAwMDAwLCJkZWxldGUiOjE4MDAwMDAwMDAwMDAsInJlYWQiOjMwMDAwMDAwMDAwMCwidXBkYXRlIjoxODAwMDAwMDAwMDAwfX0=",
          "dependencies": [
            "module.networking.azurerm_resource_group.main"
          ]
        }
      ]
    },
    {
      "module": "module.networking",
      "mode": "managed",
      "type": "azurerm_network_security_rule",
      "name": "internal-internet",
      "provider": "provider[\"registry.terraform.io/hashicorp/azurerm\"]",
      "instances": [
        {
          "schema_version": 0,
          "attributes": {
            "access": "Allow",
            "description": "",
            "destination_address_prefix": "VirtualNetwork",
            "destination_address_prefixes": null,
            "destination_application_security_group_ids": null,
            "destination_port_range": "80",
            "destination_port_ranges": null,
            "direction": "Inbound",
            "id": "/subscriptions/e67fe41b-01d6-42b3-9179-c7fbd000f569/resourceGroups/nd082-c1-project-vm-rg/providers/Microsoft.Network/networkSecurityGroups/nd082-c1-project-vm-nsg/securityRules/AllowLBTraffic",
            "name": "AllowLBTraffic",
            "network_security_group_name": "nd082-c1-project-vm-nsg",
            "priority": 110,
            "protocol": "TCP",
            "resource_group_name": "nd082-c1-project-vm-rg",
            "source_address_prefix": "Internet",
            "source_address_prefixes": null,
            "source_application_security_group_ids": null,
            "source_port_range": "*",
            "source_port_ranges": null,
            "timeouts": null
          },
          "private": "eyJlMmJmYjczMC1lY2FhLTExZTYtOGY4OC0zNDM2M2JjN2M0YzAiOnsiY3JlYXRlIjoxODAwMDAwMDAwMDAwLCJkZWxldGUiOjE4MDAwMDAwMDAwMDAsInJlYWQiOjMwMDAwMDAwMDAwMCwidXBkYXRlIjoxODAwMDAwMDAwMDAwfX0=",
          "dependencies": [
            "module.networking.azurerm_network_security_group.internal",
            "module.networking.azurerm_resource_group.main"
          ]
        }
      ]
    },
    {
      "module": "module.networking",
      "mode": "managed",
      "type": "azurerm_resource_group",
      "name": "main",
      "provider": "provider[\"registry.terraform.io/hashicorp/azurerm\"]",
      "instances": [
        {
          "schema_version": 0,
          "attributes": {
            "id": "/subscriptions/e67fe41b-01d6-42b3-9179-c7fbd000f569/resourceGroups/nd082-c1-project-vm-rg",
            "location": "eastus",
            "name": "nd082-c1-project-vm-rg",
            "tags": null,
            "timeouts": null
          },
          "private": "eyJlMmJmYjczMC1lY2FhLTExZTYtOGY4OC0zNDM2M2JjN2M0YzAiOnsiY3JlYXRlIjo1NDAwMDAwMDAwMDAwLCJkZWxldGUiOjU0MDAwMDAwMDAwMDAsInJlYWQiOjMwMDAwMDAwMDAwMCwidXBkYXRlIjo1NDAwMDAwMDAwMDAwfX0="
        }
      ]
    },
    {
      "module": "module.networking",
      "mode": "managed",
      "type": "azurerm_subnet",
      "name": "internal",
      "provider": "provider[\"registry.terraform.io/hashicorp/azurerm\"]",
      "instances": [
        {
          "schema_version": 0,
          "attributes": {
            "address_prefix": "10.0.2.0/24",
            "address_prefixes": [
              "10.0.2.0/24"
            ],
            "delegation": [],
            "enforce_private_link_endpoint_network_policies": false,
            "enforce_private_link_service_network_policies": false,
            "id": "/subscriptions/e67fe41b-01d6-42b3-9179-c7fbd000f569/resourceGroups/nd082-c1-project-vm-rg/providers/Microsoft.Network/virtualNetworks/nd082-c1-project-vm-network/subnets/nd082-c1-project-vm-internal",
            "name": "nd082-c1-project-vm-internal",
            "resource_group_name": "nd082-c1-project-vm-rg",
            "service_endpoints": null,
            "timeouts": null,
            "virtual_network_name": "nd082-c1-project-vm-network"
          },
          "private": "eyJlMmJmYjczMC1lY2FhLTExZTYtOGY4OC0zNDM2M2JjN2M0YzAiOnsiY3JlYXRlIjoxODAwMDAwMDAwMDAwLCJkZWxldGUiOjE4MDAwMDAwMDAwMDAsInJlYWQiOjMwMDAwMDAwMDAwMCwidXBkYXRlIjoxODAwMDAwMDAwMDAwfX0=",
          "dependencies": [
            "module.networking.azurerm_resource_group.main",
            "module.networking.azurerm_virtual_network.main"
          ]
        }
      ]
    },
    {
      "module": "module.networking",
      "mode": "managed",
      "type": "azurerm_subnet_network_security_group_association",
      "name": "internal",
      "provider": "provider[\"registry.terraform.io/hashicorp/azurerm\"]",
      "instances": [
        {
          "schema_version": 0,
          "attributes": {
            "id": "/subscriptions/e67fe41b-01d6-42b3-9179-c7fbd000f569/resourceGroups/nd082-c1-project-vm-rg/providers/Microsoft.Network/virtualNetworks/nd082-c1-project-vm-network/subnets/nd082-c1-project-vm-internal",
            "network_security_group_id": "/subscriptions/e67fe41b-01d6-42b3-9179-c7fbd000f569/resourceGroups/nd082-c1-project-vm-rg/providers/Microsoft.Network/networkSecurityGroups/nd082-c1-project-vm-nsg",
            "subnet_id": "/subscriptions/e67fe41b-01d6-42b3-9179-c7fbd000f569/resourceGroups/nd082-c1-project-vm-rg/providers/Microsoft.Network/virtualNetworks/nd082-c1-project-vm-network/subnets/nd082-c1-project-vm-internal",
            "timeouts": null
          },
          "private": "eyJlMmJmYjczMC1lY2FhLTExZTYtOGY4OC0zNDM2M2JjN2M0YzAiOnsiY3JlYXRlIjoxODAwMDAwMDAwMDAwLCJkZWxldGUiOjE4MDAwMDAwMDAwMDAsInJlYWQiOjMwMDAwMDAwMDAwMCwidXBkYXRlIjoxODAwMDAwMDAwMDAwfX0=",
          "dependencies": [
            "module.networking.azurerm_network_security_group.internal",
            "module.networking.azurerm_resource_group.main",
            "module.networking.azurerm_subnet.internal",
            "module.networking.azurerm_virtual_network.main"
          ]
        }
      ]
    },
    {
      "module": "module.networking",
      "mode": "managed",
      "type": "azurerm_virtual_network",
      "name": "main",
      "provider": "provider[\"registry.terraform.io/hashicorp/azurerm\"]",
      "instances": [
        {
          "schema_version": 0,
          "attributes": {
            "address_space": [
              "10.0.0.0/16"
            ],
            "bgp_community": "",
            "ddos_protection_plan": [],
            "dns_servers": null,
            "guid": "9cc51cd8-06e2-4f79-8cd8-f2a4d20e66f2",
            "id": "/subscriptions/e67fe41b-01d6-42b3-9179-c7fbd000f569/resourceGroups/nd082-c1-project-vm-rg/providers/Microsoft.Network/virtualNetworks/nd082-c1-project-vm-network",
            "location": "eastus",
            "name": "nd082-c1-project-vm-network",
            "resource_group_name": "nd082-c1-project-vm-rg",
            "subnet": [],
            "tags": {
              "environment": "eval",
              "project": "nd082-c1-project"
            },
            "timeouts": null,
            "vm_protection_enabled": false
          },
          "private": "eyJlMmJmYjczMC1lY2FhLTExZTYtOGY4OC0zNDM2M2JjN2M0YzAiOnsiY3JlYXRlIjoxODAwMDAwMDAwMDAwLCJkZWxldGUiOjE4MDAwMDAwMDAwMDAsInJlYWQiOjMwMDAwMDAwMDAwMCwidXBkYXRlIjoxODAwMDAwMDAwMDAwfX0=",
          "dependencies": [
            "module.networking.azurerm_resource_group.main"
          ]
        }
      ]
    },
    {
      "module": "module.vmconfig",
      "mode": "managed",
      "type": "azurerm_availability_set",
      "name": "main",
      "provider": "provider[\"registry.terraform.io/hashicorp/azurerm\"]",
      "instances": [
        {
          "schema_version": 0,
          "attributes": {
            "id": "/subscriptions/e67fe41b-01d6-42b3-9179-c7fbd000f569/resourceGroups/nd082-c1-project-vm-rg/providers/Microsoft.Compute/availabilitySets/nd082-c1-project-vm-avset",
            "location": "eastus",
            "managed": true,
            "name": "nd082-c1-project-vm-avset",
            "platform_fault_domain_count": 2,
            "platform_update_domain_count": 2,
            "proximity_placement_group_id": null,
            "resource_group_name": "nd082-c1-project-vm-rg",
            "tags": {
              "environment": "eval",
              "project": "nd082-c1-project"
            },
            "timeouts": null
          },
          "private": "eyJlMmJmYjczMC1lY2FhLTExZTYtOGY4OC0zNDM2M2JjN2M0YzAiOnsiY3JlYXRlIjoxODAwMDAwMDAwMDAwLCJkZWxldGUiOjE4MDAwMDAwMDAwMDAsInJlYWQiOjMwMDAwMDAwMDAwMCwidXBkYXRlIjoxODAwMDAwMDAwMDAwfX0=",
          "dependencies": [
            "module.loadbalancer.azurerm_lb.main",
            "module.loadbalancer.azurerm_lb_backend_address_pool.internal",
            "module.loadbalancer.azurerm_lb_probe.lbprobe",
            "module.loadbalancer.azurerm_lb_rule.lbnatrule",
            "module.loadbalancer.azurerm_public_ip.main",
            "module.networking.azurerm_network_security_group.internal",
            "module.networking.azurerm_network_security_rule.internal-internet",
            "module.networking.azurerm_network_security_rule.internal-vnet",
            "module.networking.azurerm_resource_group.main",
            "module.networking.azurerm_subnet.internal",
            "module.networking.azurerm_subnet_network_security_group_association.internal",
            "module.networking.azurerm_virtual_network.main"
          ]
        }
      ]
    },
    {
      "module": "module.vmconfig",
      "mode": "managed",
      "type": "azurerm_network_interface",
      "name": "internal",
      "provider": "provider[\"registry.terraform.io/hashicorp/azurerm\"]",
      "instances": [
        {
          "index_key": 0,
          "schema_version": 0,
          "attributes": {
            "applied_dns_servers": [],
            "dns_servers": [],
            "enable_accelerated_networking": false,
            "enable_ip_forwarding": false,
            "id": "/subscriptions/e67fe41b-01d6-42b3-9179-c7fbd000f569/resourceGroups/nd082-c1-project-vm-rg/providers/Microsoft.Network/networkInterfaces/nd082-c1-project-vm-nic-0",
            "internal_dns_name_label": "",
            "internal_domain_name_suffix": "1aomlhhcaz2u5dgy4ksnedtg4c.bx.internal.cloudapp.net",
            "ip_configuration": [
              {
                "name": "internal-0-ip",
                "primary": true,
                "private_ip_address": "10.0.2.4",
                "private_ip_address_allocation": "Dynamic",
                "private_ip_address_version": "IPv4",
                "public_ip_address_id": "",
                "subnet_id": "/subscriptions/e67fe41b-01d6-42b3-9179-c7fbd000f569/resourceGroups/nd082-c1-project-vm-rg/providers/Microsoft.Network/virtualNetworks/nd082-c1-project-vm-network/subnets/nd082-c1-project-vm-internal"
              }
            ],
            "location": "eastus",
            "mac_address": "",
            "name": "nd082-c1-project-vm-nic-0",
            "private_ip_address": "10.0.2.4",
            "private_ip_addresses": [
              "10.0.2.4"
            ],
            "resource_group_name": "nd082-c1-project-vm-rg",
            "tags": {
              "environment": "eval",
              "project": "nd082-c1-project"
            },
            "timeouts": null,
            "virtual_machine_id": ""
          },
          "private": "eyJlMmJmYjczMC1lY2FhLTExZTYtOGY4OC0zNDM2M2JjN2M0YzAiOnsiY3JlYXRlIjoxODAwMDAwMDAwMDAwLCJkZWxldGUiOjE4MDAwMDAwMDAwMDAsInJlYWQiOjMwMDAwMDAwMDAwMCwidXBkYXRlIjoxODAwMDAwMDAwMDAwfX0=",
          "dependencies": [
            "module.loadbalancer.azurerm_lb.main",
            "module.loadbalancer.azurerm_lb_backend_address_pool.internal",
            "module.loadbalancer.azurerm_lb_probe.lbprobe",
            "module.loadbalancer.azurerm_lb_rule.lbnatrule",
            "module.loadbalancer.azurerm_public_ip.main",
            "module.networking.azurerm_network_security_group.internal",
            "module.networking.azurerm_network_security_rule.internal-internet",
            "module.networking.azurerm_network_security_rule.internal-vnet",
            "module.networking.azurerm_resource_group.main",
            "module.networking.azurerm_subnet.internal",
            "module.networking.azurerm_subnet_network_security_group_association.internal",
            "module.networking.azurerm_virtual_network.main",
            "module.vmconfig.azurerm_public_ip.internal"
          ]
        },
        {
          "index_key": 1,
          "schema_version": 0,
          "attributes": {
            "applied_dns_servers": [],
            "dns_servers": [],
            "enable_accelerated_networking": false,
            "enable_ip_forwarding": false,
            "id": "/subscriptions/e67fe41b-01d6-42b3-9179-c7fbd000f569/resourceGroups/nd082-c1-project-vm-rg/providers/Microsoft.Network/networkInterfaces/nd082-c1-project-vm-nic-1",
            "internal_dns_name_label": "",
            "internal_domain_name_suffix": "1aomlhhcaz2u5dgy4ksnedtg4c.bx.internal.cloudapp.net",
            "ip_configuration": [
              {
                "name": "internal-1-ip",
                "primary": true,
                "private_ip_address": "10.0.2.5",
                "private_ip_address_allocation": "Dynamic",
                "private_ip_address_version": "IPv4",
                "public_ip_address_id": "",
                "subnet_id": "/subscriptions/e67fe41b-01d6-42b3-9179-c7fbd000f569/resourceGroups/nd082-c1-project-vm-rg/providers/Microsoft.Network/virtualNetworks/nd082-c1-project-vm-network/subnets/nd082-c1-project-vm-internal"
              }
            ],
            "location": "eastus",
            "mac_address": "",
            "name": "nd082-c1-project-vm-nic-1",
            "private_ip_address": "10.0.2.5",
            "private_ip_addresses": [
              "10.0.2.5"
            ],
            "resource_group_name": "nd082-c1-project-vm-rg",
            "tags": {
              "environment": "eval",
              "project": "nd082-c1-project"
            },
            "timeouts": null,
            "virtual_machine_id": ""
          },
          "private": "eyJlMmJmYjczMC1lY2FhLTExZTYtOGY4OC0zNDM2M2JjN2M0YzAiOnsiY3JlYXRlIjoxODAwMDAwMDAwMDAwLCJkZWxldGUiOjE4MDAwMDAwMDAwMDAsInJlYWQiOjMwMDAwMDAwMDAwMCwidXBkYXRlIjoxODAwMDAwMDAwMDAwfX0=",
          "dependencies": [
            "module.loadbalancer.azurerm_lb.main",
            "module.loadbalancer.azurerm_lb_backend_address_pool.internal",
            "module.loadbalancer.azurerm_lb_probe.lbprobe",
            "module.loadbalancer.azurerm_lb_rule.lbnatrule",
            "module.loadbalancer.azurerm_public_ip.main",
            "module.networking.azurerm_network_security_group.internal",
            "module.networking.azurerm_network_security_rule.internal-internet",
            "module.networking.azurerm_network_security_rule.internal-vnet",
            "module.networking.azurerm_resource_group.main",
            "module.networking.azurerm_subnet.internal",
            "module.networking.azurerm_subnet_network_security_group_association.internal",
            "module.networking.azurerm_virtual_network.main",
            "module.vmconfig.azurerm_public_ip.internal"
          ]
        }
      ]
    },
    {
      "module": "module.vmconfig",
      "mode": "managed",
      "type": "azurerm_network_interface_backend_address_pool_association",
      "name": "main",
      "provider": "provider[\"registry.terraform.io/hashicorp/azurerm\"]",
      "instances": [
        {
          "index_key": 0,
          "schema_version": 0,
          "attributes": {
            "backend_address_pool_id": "/subscriptions/e67fe41b-01d6-42b3-9179-c7fbd000f569/resourceGroups/nd082-c1-project-vm-rg/providers/Microsoft.Network/loadBalancers/nd082-c1-project-vm-lb/backendAddressPools/nd082-c1-project-vm-BackEndAddressPool",
            "id": "/subscriptions/e67fe41b-01d6-42b3-9179-c7fbd000f569/resourceGroups/nd082-c1-project-vm-rg/providers/Microsoft.Network/networkInterfaces/nd082-c1-project-vm-nic-0/ipConfigurations/internal-0-ip|/subscriptions/e67fe41b-01d6-42b3-9179-c7fbd000f569/resourceGroups/nd082-c1-project-vm-rg/providers/Microsoft.Network/loadBalancers/nd082-c1-project-vm-lb/backendAddressPools/nd082-c1-project-vm-BackEndAddressPool",
            "ip_configuration_name": "internal-0-ip",
            "network_interface_id": "/subscriptions/e67fe41b-01d6-42b3-9179-c7fbd000f569/resourceGroups/nd082-c1-project-vm-rg/providers/Microsoft.Network/networkInterfaces/nd082-c1-project-vm-nic-0",
            "timeouts": null
          },
          "private": "eyJlMmJmYjczMC1lY2FhLTExZTYtOGY4OC0zNDM2M2JjN2M0YzAiOnsiY3JlYXRlIjoxODAwMDAwMDAwMDAwLCJkZWxldGUiOjE4MDAwMDAwMDAwMDAsInJlYWQiOjMwMDAwMDAwMDAwMCwidXBkYXRlIjoxODAwMDAwMDAwMDAwfX0=",
          "dependencies": [
            "module.loadbalancer.azurerm_lb.main",
            "module.loadbalancer.azurerm_lb_backend_address_pool.internal",
            "module.loadbalancer.azurerm_lb_probe.lbprobe",
            "module.loadbalancer.azurerm_lb_rule.lbnatrule",
            "module.loadbalancer.azurerm_public_ip.main",
            "module.networking.azurerm_network_security_group.internal",
            "module.networking.azurerm_network_security_rule.internal-internet",
            "module.networking.azurerm_network_security_rule.internal-vnet",
            "module.networking.azurerm_resource_group.main",
            "module.networking.azurerm_subnet.internal",
            "module.networking.azurerm_subnet_network_security_group_association.internal",
            "module.networking.azurerm_virtual_network.main",
            "module.vmconfig.azurerm_network_interface.internal",
            "module.vmconfig.azurerm_public_ip.internal"
          ]
        },
        {
          "index_key": 1,
          "schema_version": 0,
          "attributes": {
            "backend_address_pool_id": "/subscriptions/e67fe41b-01d6-42b3-9179-c7fbd000f569/resourceGroups/nd082-c1-project-vm-rg/providers/Microsoft.Network/loadBalancers/nd082-c1-project-vm-lb/backendAddressPools/nd082-c1-project-vm-BackEndAddressPool",
            "id": "/subscriptions/e67fe41b-01d6-42b3-9179-c7fbd000f569/resourceGroups/nd082-c1-project-vm-rg/providers/Microsoft.Network/networkInterfaces/nd082-c1-project-vm-nic-1/ipConfigurations/internal-1-ip|/subscriptions/e67fe41b-01d6-42b3-9179-c7fbd000f569/resourceGroups/nd082-c1-project-vm-rg/providers/Microsoft.Network/loadBalancers/nd082-c1-project-vm-lb/backendAddressPools/nd082-c1-project-vm-BackEndAddressPool",
            "ip_configuration_name": "internal-1-ip",
            "network_interface_id": "/subscriptions/e67fe41b-01d6-42b3-9179-c7fbd000f569/resourceGroups/nd082-c1-project-vm-rg/providers/Microsoft.Network/networkInterfaces/nd082-c1-project-vm-nic-1",
            "timeouts": null
          },
          "private": "eyJlMmJmYjczMC1lY2FhLTExZTYtOGY4OC0zNDM2M2JjN2M0YzAiOnsiY3JlYXRlIjoxODAwMDAwMDAwMDAwLCJkZWxldGUiOjE4MDAwMDAwMDAwMDAsInJlYWQiOjMwMDAwMDAwMDAwMCwidXBkYXRlIjoxODAwMDAwMDAwMDAwfX0=",
          "dependencies": [
            "module.loadbalancer.azurerm_lb.main",
            "module.loadbalancer.azurerm_lb_backend_address_pool.internal",
            "module.loadbalancer.azurerm_lb_probe.lbprobe",
            "module.loadbalancer.azurerm_lb_rule.lbnatrule",
            "module.loadbalancer.azurerm_public_ip.main",
            "module.networking.azurerm_network_security_group.internal",
            "module.networking.azurerm_network_security_rule.internal-internet",
            "module.networking.azurerm_network_security_rule.internal-vnet",
            "module.networking.azurerm_resource_group.main",
            "module.networking.azurerm_subnet.internal",
            "module.networking.azurerm_subnet_network_security_group_association.internal",
            "module.networking.azurerm_virtual_network.main",
            "module.vmconfig.azurerm_network_interface.internal",
            "module.vmconfig.azurerm_public_ip.internal"
          ]
        }
      ]
    },
    {
      "module": "module.vmcreate",
      "mode": "data",
      "type": "azurerm_image",
      "name": "image",
      "provider": "provider[\"registry.terraform.io/hashicorp/azurerm\"]",
      "instances": [
        {
          "schema_version": 0,
          "attributes": {
            "data_disk": [],
            "id": "/subscriptions/e67fe41b-01d6-42b3-9179-c7fbd000f569/resourceGroups/nd082-c1-project-rg/providers/Microsoft.Compute/images/nd082-c1-project-ubuntu-image",
            "location": "eastus",
            "name": "nd082-c1-project-ubuntu-image",
            "name_regex": null,
            "os_disk": [
              {
                "blob_uri": "",
                "caching": "ReadWrite",
                "managed_disk_id": "/subscriptions/e67fe41b-01d6-42b3-9179-c7fbd000f569/resourceGroups/pkr-Resource-Group-rv0fygrmpp/providers/Microsoft.Compute/disks/pkrosrv0fygrmpp",
                "os_state": "Generalized",
                "os_type": "Linux",
                "size_gb": 30
              }
            ],
            "resource_group_name": "nd082-c1-project-rg",
            "sort_descending": false,
            "tags": {
              "environment": "eval",
              "project": "nd082-c1-project"
            },
            "timeouts": null,
            "zone_resilient": false
          }
        }
      ]
    },
    {
      "module": "module.vmcreate",
      "mode": "data",
      "type": "azurerm_resource_group",
      "name": "image",
      "provider": "provider[\"registry.terraform.io/hashicorp/azurerm\"]",
      "instances": [
        {
          "schema_version": 0,
          "attributes": {
            "id": "/subscriptions/e67fe41b-01d6-42b3-9179-c7fbd000f569/resourceGroups/nd082-c1-project-rg",
            "location": "eastus",
            "name": "nd082-c1-project-rg",
            "tags": {
              "environment": "eval",
              "project": "nd082-c1-project"
            },
            "timeouts": null
          }
        }
      ]
    },
    {
      "module": "module.vmcreate",
      "mode": "managed",
      "type": "azurerm_managed_disk",
      "name": "datadisk",
      "provider": "provider[\"registry.terraform.io/hashicorp/azurerm\"]",
      "instances": [
        {
          "index_key": 0,
          "schema_version": 0,
          "attributes": {
            "create_option": "Empty",
            "disk_encryption_set_id": "",
            "disk_iops_read_write": 500,
            "disk_mbps_read_write": 60,
            "disk_size_gb": 1023,
            "encryption_settings": [],
            "id": "/subscriptions/e67fe41b-01d6-42b3-9179-c7fbd000f569/resourceGroups/nd082-c1-project-vm-rg/providers/Microsoft.Compute/disks/nd082-c1-project-vm-datadisk-0",
            "image_reference_id": "",
            "location": "eastus",
            "name": "nd082-c1-project-vm-datadisk-0",
            "os_type": "",
            "resource_group_name": "nd082-c1-project-vm-rg",
            "source_resource_id": "",
            "source_uri": "",
            "storage_account_id": "",
            "storage_account_type": "Standard_LRS",
            "tags": {
              "environment": "eval",
              "project": "nd082-c1-project"
            },
            "timeouts": null,
            "zones": null
          },
          "private": "eyJlMmJmYjczMC1lY2FhLTExZTYtOGY4OC0zNDM2M2JjN2M0YzAiOnsiY3JlYXRlIjoxODAwMDAwMDAwMDAwLCJkZWxldGUiOjE4MDAwMDAwMDAwMDAsInJlYWQiOjMwMDAwMDAwMDAwMCwidXBkYXRlIjoxODAwMDAwMDAwMDAwfX0=",
          "dependencies": [
            "module.loadbalancer.azurerm_lb.main",
            "module.loadbalancer.azurerm_lb_backend_address_pool.internal",
            "module.loadbalancer.azurerm_lb_probe.lbprobe",
            "module.loadbalancer.azurerm_lb_rule.lbnatrule",
            "module.loadbalancer.azurerm_public_ip.main",
            "module.networking.azurerm_network_security_group.internal",
            "module.networking.azurerm_network_security_rule.internal-internet",
            "module.networking.azurerm_network_security_rule.internal-vnet",
            "module.networking.azurerm_resource_group.main",
            "module.networking.azurerm_subnet.internal",
            "module.networking.azurerm_subnet_network_security_group_association.internal",
            "module.networking.azurerm_virtual_network.main",
            "module.vmconfig.azurerm_availability_set.main",
            "module.vmconfig.azurerm_network_interface.internal",
            "module.vmconfig.azurerm_network_interface_backend_address_pool_association.main",
            "module.vmconfig.azurerm_public_ip.internal"
          ]
        },
        {
          "index_key": 1,
          "schema_version": 0,
          "attributes": {
            "create_option": "Empty",
            "disk_encryption_set_id": "",
            "disk_iops_read_write": 500,
            "disk_mbps_read_write": 60,
            "disk_size_gb": 1023,
            "encryption_settings": [],
            "id": "/subscriptions/e67fe41b-01d6-42b3-9179-c7fbd000f569/resourceGroups/nd082-c1-project-vm-rg/providers/Microsoft.Compute/disks/nd082-c1-project-vm-datadisk-1",
            "image_reference_id": "",
            "location": "eastus",
            "name": "nd082-c1-project-vm-datadisk-1",
            "os_type": "",
            "resource_group_name": "nd082-c1-project-vm-rg",
            "source_resource_id": "",
            "source_uri": "",
            "storage_account_id": "",
            "storage_account_type": "Standard_LRS",
            "tags": {
              "environment": "eval",
              "project": "nd082-c1-project"
            },
            "timeouts": null,
            "zones": null
          },
          "private": "eyJlMmJmYjczMC1lY2FhLTExZTYtOGY4OC0zNDM2M2JjN2M0YzAiOnsiY3JlYXRlIjoxODAwMDAwMDAwMDAwLCJkZWxldGUiOjE4MDAwMDAwMDAwMDAsInJlYWQiOjMwMDAwMDAwMDAwMCwidXBkYXRlIjoxODAwMDAwMDAwMDAwfX0=",
          "dependencies": [
            "module.loadbalancer.azurerm_lb.main",
            "module.loadbalancer.azurerm_lb_backend_address_pool.internal",
            "module.loadbalancer.azurerm_lb_probe.lbprobe",
            "module.loadbalancer.azurerm_lb_rule.lbnatrule",
            "module.loadbalancer.azurerm_public_ip.main",
            "module.networking.azurerm_network_security_group.internal",
            "module.networking.azurerm_network_security_rule.internal-internet",
            "module.networking.azurerm_network_security_rule.internal-vnet",
            "module.networking.azurerm_resource_group.main",
            "module.networking.azurerm_subnet.internal",
            "module.networking.azurerm_subnet_network_security_group_association.internal",
            "module.networking.azurerm_virtual_network.main",
            "module.vmconfig.azurerm_availability_set.main",
            "module.vmconfig.azurerm_network_interface.internal",
            "module.vmconfig.azurerm_network_interface_backend_address_pool_association.main",
            "module.vmconfig.azurerm_public_ip.internal"
          ]
        }
      ]
    },
    {
      "module": "module.vmcreate",
      "mode": "managed",
      "type": "azurerm_virtual_machine",
      "name": "vminternal",
      "provider": "provider[\"registry.terraform.io/hashicorp/azurerm\"]",
      "instances": [
        {
          "index_key": 0,
          "schema_version": 0,
          "attributes": {
            "additional_capabilities": [],
            "availability_set_id": "/subscriptions/e67fe41b-01d6-42b3-9179-c7fbd000f569/resourcegroups/nd082-c1-project-vm-rg/providers/microsoft.compute/availabilitysets/nd082-c1-project-vm-avset",
            "boot_diagnostics": [],
            "delete_data_disks_on_termination": true,
            "delete_os_disk_on_termination": true,
            "id": "/subscriptions/e67fe41b-01d6-42b3-9179-c7fbd000f569/resourceGroups/nd082-c1-project-vm-rg/providers/Microsoft.Compute/virtualMachines/nd082-c1-project-vm-vm-0",
            "identity": [],
            "license_type": null,
            "location": "eastus",
            "name": "nd082-c1-project-vm-vm-0",
            "network_interface_ids": [
              "/subscriptions/e67fe41b-01d6-42b3-9179-c7fbd000f569/resourceGroups/nd082-c1-project-vm-rg/providers/Microsoft.Network/networkInterfaces/nd082-c1-project-vm-nic-0"
            ],
            "os_profile": [
              {
                "admin_password": "",
                "admin_username": "nd082c1projectuser",
                "computer_name": "nd082-c1-project-vm-vm",
                "custom_data": ""
              }
            ],
            "os_profile_linux_config": [
              {
                "disable_password_authentication": false,
                "ssh_keys": []
              }
            ],
            "os_profile_secrets": [],
            "os_profile_windows_config": [],
            "plan": [],
            "primary_network_interface_id": null,
            "proximity_placement_group_id": null,
            "resource_group_name": "nd082-c1-project-vm-rg",
            "storage_data_disk": [
              {
                "caching": "None",
                "create_option": "Attach",
                "disk_size_gb": 1023,
                "lun": 1,
                "managed_disk_id": "/subscriptions/e67fe41b-01d6-42b3-9179-c7fbd000f569/resourceGroups/nd082-c1-project-vm-rg/providers/Microsoft.Compute/disks/nd082-c1-project-vm-datadisk-0",
                "managed_disk_type": "Standard_LRS",
                "name": "nd082-c1-project-vm-datadisk-0",
                "vhd_uri": "",
                "write_accelerator_enabled": false
              }
            ],
            "storage_image_reference": [
              {
                "id": "/subscriptions/e67fe41b-01d6-42b3-9179-c7fbd000f569/resourceGroups/nd082-c1-project-rg/providers/Microsoft.Compute/images/nd082-c1-project-ubuntu-image",
                "offer": "",
                "publisher": "",
                "sku": "",
                "version": ""
              }
            ],
            "storage_os_disk": [
              {
                "caching": "ReadWrite",
                "create_option": "FromImage",
                "disk_size_gb": 30,
                "image_uri": "",
                "managed_disk_id": "/subscriptions/e67fe41b-01d6-42b3-9179-c7fbd000f569/resourceGroups/nd082-c1-project-vm-rg/providers/Microsoft.Compute/disks/nd082-c1-project-vm-osdisk-0",
                "managed_disk_type": "Standard_LRS",
                "name": "nd082-c1-project-vm-osdisk-0",
                "os_type": "Linux",
                "vhd_uri": "",
                "write_accelerator_enabled": false
              }
            ],
            "tags": {
              "environment": "eval",
              "project": "nd082-c1-project"
            },
            "timeouts": null,
            "vm_size": "Standard_DS1_v2",
            "zones": null
          },
          "private": "eyJlMmJmYjczMC1lY2FhLTExZTYtOGY4OC0zNDM2M2JjN2M0YzAiOnsiY3JlYXRlIjozNjAwMDAwMDAwMDAwLCJkZWxldGUiOjM2MDAwMDAwMDAwMDAsInJlYWQiOjMwMDAwMDAwMDAwMCwidXBkYXRlIjozNjAwMDAwMDAwMDAwfX0=",
          "dependencies": [
            "module.loadbalancer.azurerm_lb.main",
            "module.loadbalancer.azurerm_lb_backend_address_pool.internal",
            "module.loadbalancer.azurerm_lb_probe.lbprobe",
            "module.loadbalancer.azurerm_lb_rule.lbnatrule",
            "module.loadbalancer.azurerm_public_ip.main",
            "module.networking.azurerm_network_security_group.internal",
            "module.networking.azurerm_network_security_rule.internal-internet",
            "module.networking.azurerm_network_security_rule.internal-vnet",
            "module.networking.azurerm_resource_group.main",
            "module.networking.azurerm_subnet.internal",
            "module.networking.azurerm_subnet_network_security_group_association.internal",
            "module.networking.azurerm_virtual_network.main",
            "module.vmconfig.azurerm_availability_set.main",
            "module.vmconfig.azurerm_network_interface.internal",
            "module.vmconfig.azurerm_network_interface_backend_address_pool_association.main",
            "module.vmconfig.azurerm_public_ip.internal",
            "module.vmcreate.azurerm_managed_disk.datadisk",
            "module.vmcreate.data.azurerm_image.image",
            "module.vmcreate.data.azurerm_resource_group.image"
          ]
        },
        {
          "index_key": 1,
          "schema_version": 0,
          "attributes": {
            "additional_capabilities": [],
            "availability_set_id": "/subscriptions/e67fe41b-01d6-42b3-9179-c7fbd000f569/resourcegroups/nd082-c1-project-vm-rg/providers/microsoft.compute/availabilitysets/nd082-c1-project-vm-avset",
            "boot_diagnostics": [],
            "delete_data_disks_on_termination": true,
            "delete_os_disk_on_termination": true,
            "id": "/subscriptions/e67fe41b-01d6-42b3-9179-c7fbd000f569/resourceGroups/nd082-c1-project-vm-rg/providers/Microsoft.Compute/virtualMachines/nd082-c1-project-vm-vm-1",
            "identity": [],
            "license_type": null,
            "location": "eastus",
            "name": "nd082-c1-project-vm-vm-1",
            "network_interface_ids": [
              "/subscriptions/e67fe41b-01d6-42b3-9179-c7fbd000f569/resourceGroups/nd082-c1-project-vm-rg/providers/Microsoft.Network/networkInterfaces/nd082-c1-project-vm-nic-1"
            ],
            "os_profile": [
              {
                "admin_password": "",
                "admin_username": "nd082c1projectuser",
                "computer_name": "nd082-c1-project-vm-vm",
                "custom_data": ""
              }
            ],
            "os_profile_linux_config": [
              {
                "disable_password_authentication": false,
                "ssh_keys": []
              }
            ],
            "os_profile_secrets": [],
            "os_profile_windows_config": [],
            "plan": [],
            "primary_network_interface_id": null,
            "proximity_placement_group_id": null,
            "resource_group_name": "nd082-c1-project-vm-rg",
            "storage_data_disk": [
              {
                "caching": "None",
                "create_option": "Attach",
                "disk_size_gb": 1023,
                "lun": 1,
                "managed_disk_id": "/subscriptions/e67fe41b-01d6-42b3-9179-c7fbd000f569/resourceGroups/nd082-c1-project-vm-rg/providers/Microsoft.Compute/disks/nd082-c1-project-vm-datadisk-1",
                "managed_disk_type": "Standard_LRS",
                "name": "nd082-c1-project-vm-datadisk-1",
                "vhd_uri": "",
                "write_accelerator_enabled": false
              }
            ],
            "storage_image_reference": [
              {
                "id": "/subscriptions/e67fe41b-01d6-42b3-9179-c7fbd000f569/resourceGroups/nd082-c1-project-rg/providers/Microsoft.Compute/images/nd082-c1-project-ubuntu-image",
                "offer": "",
                "publisher": "",
                "sku": "",
                "version": ""
              }
            ],
            "storage_os_disk": [
              {
                "caching": "ReadWrite",
                "create_option": "FromImage",
                "disk_size_gb": 30,
                "image_uri": "",
                "managed_disk_id": "/subscriptions/e67fe41b-01d6-42b3-9179-c7fbd000f569/resourceGroups/nd082-c1-project-vm-rg/providers/Microsoft.Compute/disks/nd082-c1-project-vm-osdisk-1",
                "managed_disk_type": "Standard_LRS",
                "name": "nd082-c1-project-vm-osdisk-1",
                "os_type": "Linux",
                "vhd_uri": "",
                "write_accelerator_enabled": false
              }
            ],
            "tags": {
              "environment": "eval",
              "project": "nd082-c1-project"
            },
            "timeouts": null,
            "vm_size": "Standard_DS1_v2",
            "zones": null
          },
          "private": "eyJlMmJmYjczMC1lY2FhLTExZTYtOGY4OC0zNDM2M2JjN2M0YzAiOnsiY3JlYXRlIjozNjAwMDAwMDAwMDAwLCJkZWxldGUiOjM2MDAwMDAwMDAwMDAsInJlYWQiOjMwMDAwMDAwMDAwMCwidXBkYXRlIjozNjAwMDAwMDAwMDAwfX0=",
          "dependencies": [
            "module.loadbalancer.azurerm_lb.main",
            "module.loadbalancer.azurerm_lb_backend_address_pool.internal",
            "module.loadbalancer.azurerm_lb_probe.lbprobe",
            "module.loadbalancer.azurerm_lb_rule.lbnatrule",
            "module.loadbalancer.azurerm_public_ip.main",
            "module.networking.azurerm_network_security_group.internal",
            "module.networking.azurerm_network_security_rule.internal-internet",
            "module.networking.azurerm_network_security_rule.internal-vnet",
            "module.networking.azurerm_resource_group.main",
            "module.networking.azurerm_subnet.internal",
            "module.networking.azurerm_subnet_network_security_group_association.internal",
            "module.networking.azurerm_virtual_network.main",
            "module.vmconfig.azurerm_availability_set.main",
            "module.vmconfig.azurerm_network_interface.internal",
            "module.vmconfig.azurerm_network_interface_backend_address_pool_association.main",
            "module.vmconfig.azurerm_public_ip.internal",
            "module.vmcreate.azurerm_managed_disk.datadisk",
            "module.vmcreate.data.azurerm_image.image",
            "module.vmcreate.data.azurerm_resource_group.image"
          ]
        }
      ]
    },
    {
      "module": "module.vmcreate",
      "mode": "managed",
      "type": "azurerm_virtual_machine_extension",
      "name": "internal",
      "provider": "provider[\"registry.terraform.io/hashicorp/azurerm\"]",
      "instances": [
        {
          "index_key": 0,
          "schema_version": 0,
          "attributes": {
            "auto_upgrade_minor_version": false,
            "id": "/subscriptions/e67fe41b-01d6-42b3-9179-c7fbd000f569/resourceGroups/nd082-c1-project-vm-rg/providers/Microsoft.Compute/virtualMachines/nd082-c1-project-vm-vm-0/extensions/nd082-c1-project-vm-vmextension-0",
            "name": "nd082-c1-project-vm-vmextension-0",
            "protected_settings": null,
            "publisher": "Microsoft.Azure.Extensions",
            "settings": "{\"commandToExecute\":\"sudo nohup busybox httpd -f -p 80 -h /home/packer -\\u0026\"}",
            "tags": {
              "environment": "eval",
              "project": "nd082-c1-project"
            },
            "timeouts": null,
            "type": "CustomScript",
            "type_handler_version": "2.0",
            "virtual_machine_id": "/subscriptions/e67fe41b-01d6-42b3-9179-c7fbd000f569/resourceGroups/nd082-c1-project-vm-rg/providers/Microsoft.Compute/virtualMachines/nd082-c1-project-vm-vm-0"
          },
          "private": "eyJlMmJmYjczMC1lY2FhLTExZTYtOGY4OC0zNDM2M2JjN2M0YzAiOnsiY3JlYXRlIjoxODAwMDAwMDAwMDAwLCJkZWxldGUiOjE4MDAwMDAwMDAwMDAsInJlYWQiOjMwMDAwMDAwMDAwMCwidXBkYXRlIjoxODAwMDAwMDAwMDAwfX0=",
          "dependencies": [
            "module.loadbalancer.azurerm_lb.main",
            "module.loadbalancer.azurerm_lb_backend_address_pool.internal",
            "module.loadbalancer.azurerm_lb_probe.lbprobe",
            "module.loadbalancer.azurerm_lb_rule.lbnatrule",
            "module.loadbalancer.azurerm_public_ip.main",
            "module.networking.azurerm_network_security_group.internal",
            "module.networking.azurerm_network_security_rule.internal-internet",
            "module.networking.azurerm_network_security_rule.internal-vnet",
            "module.networking.azurerm_resource_group.main",
            "module.networking.azurerm_subnet.internal",
            "module.networking.azurerm_subnet_network_security_group_association.internal",
            "module.networking.azurerm_virtual_network.main",
            "module.vmconfig.azurerm_availability_set.main",
            "module.vmconfig.azurerm_network_interface.internal",
            "module.vmconfig.azurerm_network_interface_backend_address_pool_association.main",
            "module.vmconfig.azurerm_public_ip.internal",
            "module.vmcreate.azurerm_managed_disk.datadisk",
            "module.vmcreate.azurerm_virtual_machine.vminternal",
            "module.vmcreate.data.azurerm_image.image",
            "module.vmcreate.data.azurerm_resource_group.image"
          ]
        },
        {
          "index_key": 1,
          "schema_version": 0,
          "attributes": {
            "auto_upgrade_minor_version": false,
            "id": "/subscriptions/e67fe41b-01d6-42b3-9179-c7fbd000f569/resourceGroups/nd082-c1-project-vm-rg/providers/Microsoft.Compute/virtualMachines/nd082-c1-project-vm-vm-1/extensions/nd082-c1-project-vm-vmextension-1",
            "name": "nd082-c1-project-vm-vmextension-1",
            "protected_settings": null,
            "publisher": "Microsoft.Azure.Extensions",
            "settings": "{\"commandToExecute\":\"sudo nohup busybox httpd -f -p 80 -h /home/packer -\\u0026\"}",
            "tags": {
              "environment": "eval",
              "project": "nd082-c1-project"
            },
            "timeouts": null,
            "type": "CustomScript",
            "type_handler_version": "2.0",
            "virtual_machine_id": "/subscriptions/e67fe41b-01d6-42b3-9179-c7fbd000f569/resourceGroups/nd082-c1-project-vm-rg/providers/Microsoft.Compute/virtualMachines/nd082-c1-project-vm-vm-1"
          },
          "private": "eyJlMmJmYjczMC1lY2FhLTExZTYtOGY4OC0zNDM2M2JjN2M0YzAiOnsiY3JlYXRlIjoxODAwMDAwMDAwMDAwLCJkZWxldGUiOjE4MDAwMDAwMDAwMDAsInJlYWQiOjMwMDAwMDAwMDAwMCwidXBkYXRlIjoxODAwMDAwMDAwMDAwfX0=",
          "dependencies": [
            "module.loadbalancer.azurerm_lb.main",
            "module.loadbalancer.azurerm_lb_backend_address_pool.internal",
            "module.loadbalancer.azurerm_lb_probe.lbprobe",
            "module.loadbalancer.azurerm_lb_rule.lbnatrule",
            "module.loadbalancer.azurerm_public_ip.main",
            "module.networking.azurerm_network_security_group.internal",
            "module.networking.azurerm_network_security_rule.internal-internet",
            "module.networking.azurerm_network_security_rule.internal-vnet",
            "module.networking.azurerm_resource_group.main",
            "module.networking.azurerm_subnet.internal",
            "module.networking.azurerm_subnet_network_security_group_association.internal",
            "module.networking.azurerm_virtual_network.main",
            "module.vmconfig.azurerm_availability_set.main",
            "module.vmconfig.azurerm_network_interface.internal",
            "module.vmconfig.azurerm_network_interface_backend_address_pool_association.main",
            "module.vmconfig.azurerm_public_ip.internal",
            "module.vmcreate.azurerm_managed_disk.datadisk",
            "module.vmcreate.azurerm_virtual_machine.vminternal",
            "module.vmcreate.data.azurerm_image.image",
            "module.vmcreate.data.azurerm_resource_group.image"
          ]
        }
      ]
    }
  ]
}
